
Microsoft Visual Studio Solution File, Format Version 12.00
# Visual Studio Version 17
VisualStudioVersion = 17.2.32630.192
MinimumVisualStudioVersion = 10.0.40219.1
Project("{FAE04EC0-301F-11D3-BF4B-00C04F79EFBC}") = "Arrays", "Arrays\Arrays.csproj", "{A9EC0826-239A-46C8-903B-A7C5C111F593}"
EndProject
Global
	GlobalSection(SolutionConfigurationPlatforms) = preSolution
		Debug|Any CPU = Debug|Any CPU
		Release|Any CPU = Release|Any CPU
	EndGlobalSection
	GlobalSection(ProjectConfigurationPlatforms) = postSolution
		{A9EC0826-239A-46C8-903B-A7C5C111F593}.Debug|Any CPU.ActiveCfg = Debug|Any CPU
		{A9EC0826-239A-46C8-903B-A7C5C111F593}.Debug|Any CPU.Build.0 = Debug|Any CPU
		{A9EC0826-239A-46C8-903B-A7C5C111F593}.Release|Any CPU.ActiveCfg = Release|Any CPU
		{A9EC0826-239A-46C8-903B-A7C5C111F593}.Release|Any CPU.Build.0 = Release|Any CPU
	EndGlobalSection
	GlobalSection(SolutionProperties) = preSolution
		HideSolutionNode = FALSE
	EndGlobalSection
	GlobalSection(ExtensibilityGlobals) = postSolution
		SolutionGuid = {31E7B16A-18BF-452A-BB93-B5ABD71D9E4D}
	EndGlobalSection
EndGlobal
